
Microsoft Visual Studio Solution File, Format Version 12.00
# Visual Studio 14
VisualStudioVersion = 14.0.25420.1
MinimumVisualStudioVersion = 10.0.40219.1
Project("{FAE04EC0-301F-11D3-BF4B-00C04F79EFBC}") = "TrainMeNow.Console", "TrainMeNow\TrainMeNow.Console.csproj", "{5800AA35-3E7A-41D7-8E37-2D871B388C16}"
EndProject
Project("{FAE04EC0-301F-11D3-BF4B-00C04F79EFBC}") = "TrainMeNowMVC", "TrainMeNowMVC\TrainMeNowMVC.csproj", "{733CCA0B-FA09-4F8E-9F1C-F3471F0D0F63}"
EndProject
Global
	GlobalSection(SolutionConfigurationPlatforms) = preSolution
		Debug|Any CPU = Debug|Any CPU
		Release|Any CPU = Release|Any CPU
	EndGlobalSection
	GlobalSection(ProjectConfigurationPlatforms) = postSolution
		{5800AA35-3E7A-41D7-8E37-2D871B388C16}.Debug|Any CPU.ActiveCfg = Debug|Any CPU
		{5800AA35-3E7A-41D7-8E37-2D871B388C16}.Debug|Any CPU.Build.0 = Debug|Any CPU
		{5800AA35-3E7A-41D7-8E37-2D871B388C16}.Release|Any CPU.ActiveCfg = Release|Any CPU
		{5800AA35-3E7A-41D7-8E37-2D871B388C16}.Release|Any CPU.Build.0 = Release|Any CPU
		{733CCA0B-FA09-4F8E-9F1C-F3471F0D0F63}.Debug|Any CPU.ActiveCfg = Debug|Any CPU
		{733CCA0B-FA09-4F8E-9F1C-F3471F0D0F63}.Debug|Any CPU.Build.0 = Debug|Any CPU
		{733CCA0B-FA09-4F8E-9F1C-F3471F0D0F63}.Release|Any CPU.ActiveCfg = Release|Any CPU
		{733CCA0B-FA09-4F8E-9F1C-F3471F0D0F63}.Release|Any CPU.Build.0 = Release|Any CPU
	EndGlobalSection
	GlobalSection(SolutionProperties) = preSolution
		HideSolutionNode = FALSE
	EndGlobalSection
EndGlobal
